// !$*UTF8*$!
{
	archiveVersion = 1;
	classes = {
	};
	objectVersion = 46;
	objects = {

/* Begin PBXBuildFile section */
		774318A11AA73DBA001CF128 /* main.m in Sources */ = {isa = PBXBuildFile; fileRef = 774318A01AA73DBA001CF128 /* main.m */; };
		774318A41AA73DBA001CF128 /* AppDelegate.m in Sources */ = {isa = PBXBuildFile; fileRef = 774318A31AA73DBA001CF128 /* AppDelegate.m */; };
		774318A71AA73DBA001CF128 /* TaxiNet.xcdatamodeld in Sources */ = {isa = PBXBuildFile; fileRef = 774318A51AA73DBA001CF128 /* TaxiNet.xcdatamodeld */; };
		774318AA1AA73DBA001CF128 /* ViewController.m in Sources */ = {isa = PBXBuildFile; fileRef = 774318A91AA73DBA001CF128 /* ViewController.m */; };
		774318AD1AA73DBA001CF128 /* Main.storyboard in Resources */ = {isa = PBXBuildFile; fileRef = 774318AB1AA73DBA001CF128 /* Main.storyboard */; };
		774318AF1AA73DBA001CF128 /* Images.xcassets in Resources */ = {isa = PBXBuildFile; fileRef = 774318AE1AA73DBA001CF128 /* Images.xcassets */; };
		774318B21AA73DBA001CF128 /* LaunchScreen.xib in Resources */ = {isa = PBXBuildFile; fileRef = 774318B01AA73DBA001CF128 /* LaunchScreen.xib */; };
		774318BE1AA73DBA001CF128 /* TaxiNetTests.m in Sources */ = {isa = PBXBuildFile; fileRef = 774318BD1AA73DBA001CF128 /* TaxiNetTests.m */; };
		774318CE1AA7465A001CF128 /* btn_login.png in Resources */ = {isa = PBXBuildFile; fileRef = 774318CB1AA7465A001CF128 /* btn_login.png */; };
		774318CF1AA7465A001CF128 /* btn_regis.png in Resources */ = {isa = PBXBuildFile; fileRef = 774318CC1AA7465A001CF128 /* btn_regis.png */; };
		774318D01AA7465A001CF128 /* splast.png in Resources */ = {isa = PBXBuildFile; fileRef = 774318CD1AA7465A001CF128 /* splast.png */; };
		774318D41AA74794001CF128 /* AppLogin.storyboard in Resources */ = {isa = PBXBuildFile; fileRef = 774318D31AA74794001CF128 /* AppLogin.storyboard */; };
		774318D71AA747C1001CF128 /* LoginViewController.m in Sources */ = {isa = PBXBuildFile; fileRef = 774318D61AA747C1001CF128 /* LoginViewController.m */; };
		774318DB1AA74DAE001CF128 /* Button_fb.png in Resources */ = {isa = PBXBuildFile; fileRef = 774318D81AA74DAE001CF128 /* Button_fb.png */; };
		774318DC1AA74DAE001CF128 /* text_email.png in Resources */ = {isa = PBXBuildFile; fileRef = 774318D91AA74DAE001CF128 /* text_email.png */; };
		774318DD1AA74DAE001CF128 /* text_pass.png in Resources */ = {isa = PBXBuildFile; fileRef = 774318DA1AA74DAE001CF128 /* text_pass.png */; };
		774318E01AA750BD001CF128 /* NavigationController.m in Sources */ = {isa = PBXBuildFile; fileRef = 774318DF1AA750BD001CF128 /* NavigationController.m */; };
		774318E51AA75604001CF128 /* backgro_login.png in Resources */ = {isa = PBXBuildFile; fileRef = 774318E41AA75604001CF128 /* backgro_login.png */; };
		774318E81AA7564D001CF128 /* RegisterViewController.m in Sources */ = {isa = PBXBuildFile; fileRef = 774318E71AA7564D001CF128 /* RegisterViewController.m */; };
		774318EC1AA96029001CF128 /* checkbox_non.png in Resources */ = {isa = PBXBuildFile; fileRef = 774318E91AA96029001CF128 /* checkbox_non.png */; };
		774318ED1AA96029001CF128 /* checkBox.png in Resources */ = {isa = PBXBuildFile; fileRef = 774318EA1AA96029001CF128 /* checkBox.png */; };
		774318EE1AA96029001CF128 /* user_register.png in Resources */ = {isa = PBXBuildFile; fileRef = 774318EB1AA96029001CF128 /* user_register.png */; };
		774318F01AA961C4001CF128 /* Back.png in Resources */ = {isa = PBXBuildFile; fileRef = 774318EF1AA961C4001CF128 /* Back.png */; };
		774318F31AA9636A001CF128 /* HomeView.storyboard in Resources */ = {isa = PBXBuildFile; fileRef = 774318F21AA9636A001CF128 /* HomeView.storyboard */; };
		774318F61AA9637D001CF128 /* HomeViewController.m in Sources */ = {isa = PBXBuildFile; fileRef = 774318F51AA9637D001CF128 /* HomeViewController.m */; };
		774318FF1AAC415A001CF128 /* JPSThumbnailAnnotation.m in Sources */ = {isa = PBXBuildFile; fileRef = 774318FB1AAC415A001CF128 /* JPSThumbnailAnnotation.m */; };
		774319001AAC415A001CF128 /* JPSThumbnailAnnotationView.m in Sources */ = {isa = PBXBuildFile; fileRef = 774318FD1AAC415A001CF128 /* JPSThumbnailAnnotationView.m */; };
		774319011AAC415A001CF128 /* JPSThumnail.m in Sources */ = {isa = PBXBuildFile; fileRef = 774318FE1AAC415A001CF128 /* JPSThumnail.m */; };
		774319031AAC41AD001CF128 /* pinMap.png in Resources */ = {isa = PBXBuildFile; fileRef = 774319021AAC41AD001CF128 /* pinMap.png */; };
		774319051AAC41DD001CF128 /* MapKit.framework in Frameworks */ = {isa = PBXBuildFile; fileRef = 774319041AAC41DD001CF128 /* MapKit.framework */; };
		774319071AAC41E8001CF128 /* CoreLocation.framework in Frameworks */ = {isa = PBXBuildFile; fileRef = 774319061AAC41E8001CF128 /* CoreLocation.framework */; };
		776090AD1AAD722400C21D94 /* BarLogin.png in Resources */ = {isa = PBXBuildFile; fileRef = 776090AC1AAD722400C21D94 /* BarLogin.png */; };
		776090AF1AAD728F00C21D94 /* BarButton.png in Resources */ = {isa = PBXBuildFile; fileRef = 776090AE1AAD728F00C21D94 /* BarButton.png */; };
		776090B11AAD81D000C21D94 /* QuartzCore.framework in Frameworks */ = {isa = PBXBuildFile; fileRef = 776090B01AAD81D000C21D94 /* QuartzCore.framework */; };
		776090B31AAD81DD00C21D94 /* UIKit.framework in Frameworks */ = {isa = PBXBuildFile; fileRef = 776090B21AAD81DD00C21D94 /* UIKit.framework */; };
		776090B51AAD81E600C21D94 /* Foundation.framework in Frameworks */ = {isa = PBXBuildFile; fileRef = 776090B41AAD81E600C21D94 /* Foundation.framework */; };
		776090B71AAD81F300C21D94 /* CoreGraphics.framework in Frameworks */ = {isa = PBXBuildFile; fileRef = 776090B61AAD81F300C21D94 /* CoreGraphics.framework */; };
		776090C61AADD59C00C21D94 /* RECommonFunctions.m in Sources */ = {isa = PBXBuildFile; fileRef = 776090BB1AADD59C00C21D94 /* RECommonFunctions.m */; };
		776090C71AADD59C00C21D94 /* REFrostedContainerViewController.m in Sources */ = {isa = PBXBuildFile; fileRef = 776090BD1AADD59C00C21D94 /* REFrostedContainerViewController.m */; };
		776090C81AADD59C00C21D94 /* REFrostedViewController.m in Sources */ = {isa = PBXBuildFile; fileRef = 776090BF1AADD59C00C21D94 /* REFrostedViewController.m */; };
		776090C91AADD59C00C21D94 /* UIImage+REFrostedViewController.m in Sources */ = {isa = PBXBuildFile; fileRef = 776090C11AADD59C00C21D94 /* UIImage+REFrostedViewController.m */; };
		776090CA1AADD59C00C21D94 /* UIView+REFrostedViewController.m in Sources */ = {isa = PBXBuildFile; fileRef = 776090C31AADD59C00C21D94 /* UIView+REFrostedViewController.m */; };
		776090CB1AADD59C00C21D94 /* UIViewController+REFrostedViewController.m in Sources */ = {isa = PBXBuildFile; fileRef = 776090C51AADD59C00C21D94 /* UIViewController+REFrostedViewController.m */; };
		776090D01AADD61A00C21D94 /* DEMORootViewController.m in Sources */ = {isa = PBXBuildFile; fileRef = 776090CD1AADD61A00C21D94 /* DEMORootViewController.m */; };
		776090D11AADD61A00C21D94 /* DEMOMenuViewController.m in Sources */ = {isa = PBXBuildFile; fileRef = 776090CF1AADD61A00C21D94 /* DEMOMenuViewController.m */; };
		776090D41AADD7F100C21D94 /* ProfileViewController.m in Sources */ = {isa = PBXBuildFile; fileRef = 776090D31AADD7F100C21D94 /* ProfileViewController.m */; };
		776090D71AADD86D00C21D94 /* CompanyInfoViewController.m in Sources */ = {isa = PBXBuildFile; fileRef = 776090D61AADD86D00C21D94 /* CompanyInfoViewController.m */; };
		776090D91AADDA4F00C21D94 /* 10487216_687099491374102_218448137921331276_n.jpg in Resources */ = {isa = PBXBuildFile; fileRef = 776090D81AADDA4F00C21D94 /* 10487216_687099491374102_218448137921331276_n.jpg */; };
/* End PBXBuildFile section */

/* Begin PBXContainerItemProxy section */
		774318B81AA73DBA001CF128 /* PBXContainerItemProxy */ = {
			isa = PBXContainerItemProxy;
			containerPortal = 774318931AA73DB9001CF128 /* Project object */;
			proxyType = 1;
			remoteGlobalIDString = 7743189A1AA73DB9001CF128;
			remoteInfo = TaxiNet;
		};
/* End PBXContainerItemProxy section */

/* Begin PBXFileReference section */
		7743189B1AA73DB9001CF128 /* TaxiNet.app */ = {isa = PBXFileReference; explicitFileType = wrapper.application; includeInIndex = 0; path = TaxiNet.app; sourceTree = BUILT_PRODUCTS_DIR; };
		7743189F1AA73DBA001CF128 /* Info.plist */ = {isa = PBXFileReference; lastKnownFileType = text.plist.xml; path = Info.plist; sourceTree = "<group>"; };
		774318A01AA73DBA001CF128 /* main.m */ = {isa = PBXFileReference; lastKnownFileType = sourcecode.c.objc; path = main.m; sourceTree = "<group>"; };
		774318A21AA73DBA001CF128 /* AppDelegate.h */ = {isa = PBXFileReference; lastKnownFileType = sourcecode.c.h; path = AppDelegate.h; sourceTree = "<group>"; };
		774318A31AA73DBA001CF128 /* AppDelegate.m */ = {isa = PBXFileReference; lastKnownFileType = sourcecode.c.objc; path = AppDelegate.m; sourceTree = "<group>"; };
		774318A61AA73DBA001CF128 /* TaxiNet.xcdatamodel */ = {isa = PBXFileReference; lastKnownFileType = wrapper.xcdatamodel; path = TaxiNet.xcdatamodel; sourceTree = "<group>"; };
		774318A81AA73DBA001CF128 /* ViewController.h */ = {isa = PBXFileReference; lastKnownFileType = sourcecode.c.h; path = ViewController.h; sourceTree = "<group>"; };
		774318A91AA73DBA001CF128 /* ViewController.m */ = {isa = PBXFileReference; lastKnownFileType = sourcecode.c.objc; path = ViewController.m; sourceTree = "<group>"; };
		774318AC1AA73DBA001CF128 /* Base */ = {isa = PBXFileReference; lastKnownFileType = file.storyboard; name = Base; path = Base.lproj/Main.storyboard; sourceTree = "<group>"; };
		774318AE1AA73DBA001CF128 /* Images.xcassets */ = {isa = PBXFileReference; lastKnownFileType = folder.assetcatalog; path = Images.xcassets; sourceTree = "<group>"; };
		774318B11AA73DBA001CF128 /* Base */ = {isa = PBXFileReference; lastKnownFileType = file.xib; name = Base; path = Base.lproj/LaunchScreen.xib; sourceTree = "<group>"; };
		774318B71AA73DBA001CF128 /* TaxiNetTests.xctest */ = {isa = PBXFileReference; explicitFileType = wrapper.cfbundle; includeInIndex = 0; path = TaxiNetTests.xctest; sourceTree = BUILT_PRODUCTS_DIR; };
		774318BC1AA73DBA001CF128 /* Info.plist */ = {isa = PBXFileReference; lastKnownFileType = text.plist.xml; path = Info.plist; sourceTree = "<group>"; };
		774318BD1AA73DBA001CF128 /* TaxiNetTests.m */ = {isa = PBXFileReference; lastKnownFileType = sourcecode.c.objc; path = TaxiNetTests.m; sourceTree = "<group>"; };
		774318CB1AA7465A001CF128 /* btn_login.png */ = {isa = PBXFileReference; lastKnownFileType = image.png; path = btn_login.png; sourceTree = "<group>"; };
		774318CC1AA7465A001CF128 /* btn_regis.png */ = {isa = PBXFileReference; lastKnownFileType = image.png; path = btn_regis.png; sourceTree = "<group>"; };
		774318CD1AA7465A001CF128 /* splast.png */ = {isa = PBXFileReference; lastKnownFileType = image.png; path = splast.png; sourceTree = "<group>"; };
		774318D31AA74794001CF128 /* AppLogin.storyboard */ = {isa = PBXFileReference; fileEncoding = 4; lastKnownFileType = file.storyboard; path = AppLogin.storyboard; sourceTree = "<group>"; };
		774318D51AA747C1001CF128 /* LoginViewController.h */ = {isa = PBXFileReference; fileEncoding = 4; lastKnownFileType = sourcecode.c.h; path = LoginViewController.h; sourceTree = "<group>"; };
		774318D61AA747C1001CF128 /* LoginViewController.m */ = {isa = PBXFileReference; fileEncoding = 4; lastKnownFileType = sourcecode.c.objc; path = LoginViewController.m; sourceTree = "<group>"; };
		774318D81AA74DAE001CF128 /* Button_fb.png */ = {isa = PBXFileReference; lastKnownFileType = image.png; path = Button_fb.png; sourceTree = "<group>"; };
		774318D91AA74DAE001CF128 /* text_email.png */ = {isa = PBXFileReference; lastKnownFileType = image.png; path = text_email.png; sourceTree = "<group>"; };
		774318DA1AA74DAE001CF128 /* text_pass.png */ = {isa = PBXFileReference; lastKnownFileType = image.png; path = text_pass.png; sourceTree = "<group>"; };
		774318DE1AA750BD001CF128 /* NavigationController.h */ = {isa = PBXFileReference; fileEncoding = 4; lastKnownFileType = sourcecode.c.h; path = NavigationController.h; sourceTree = "<group>"; };
		774318DF1AA750BD001CF128 /* NavigationController.m */ = {isa = PBXFileReference; fileEncoding = 4; lastKnownFileType = sourcecode.c.objc; path = NavigationController.m; sourceTree = "<group>"; };
		774318E41AA75604001CF128 /* backgro_login.png */ = {isa = PBXFileReference; lastKnownFileType = image.png; path = backgro_login.png; sourceTree = "<group>"; };
		774318E61AA7564D001CF128 /* RegisterViewController.h */ = {isa = PBXFileReference; fileEncoding = 4; lastKnownFileType = sourcecode.c.h; path = RegisterViewController.h; sourceTree = "<group>"; };
		774318E71AA7564D001CF128 /* RegisterViewController.m */ = {isa = PBXFileReference; fileEncoding = 4; lastKnownFileType = sourcecode.c.objc; path = RegisterViewController.m; sourceTree = "<group>"; };
		774318E91AA96029001CF128 /* checkbox_non.png */ = {isa = PBXFileReference; lastKnownFileType = image.png; path = checkbox_non.png; sourceTree = "<group>"; };
		774318EA1AA96029001CF128 /* checkBox.png */ = {isa = PBXFileReference; lastKnownFileType = image.png; path = checkBox.png; sourceTree = "<group>"; };
		774318EB1AA96029001CF128 /* user_register.png */ = {isa = PBXFileReference; lastKnownFileType = image.png; path = user_register.png; sourceTree = "<group>"; };
		774318EF1AA961C4001CF128 /* Back.png */ = {isa = PBXFileReference; lastKnownFileType = image.png; path = Back.png; sourceTree = "<group>"; };
		774318F21AA9636A001CF128 /* HomeView.storyboard */ = {isa = PBXFileReference; fileEncoding = 4; lastKnownFileType = file.storyboard; path = HomeView.storyboard; sourceTree = "<group>"; };
		774318F41AA9637D001CF128 /* HomeViewController.h */ = {isa = PBXFileReference; fileEncoding = 4; lastKnownFileType = sourcecode.c.h; path = HomeViewController.h; sourceTree = "<group>"; };
		774318F51AA9637D001CF128 /* HomeViewController.m */ = {isa = PBXFileReference; fileEncoding = 4; lastKnownFileType = sourcecode.c.objc; path = HomeViewController.m; sourceTree = "<group>"; };
		774318F91AAC415A001CF128 /* JPSThumbnail.h */ = {isa = PBXFileReference; fileEncoding = 4; lastKnownFileType = sourcecode.c.h; path = JPSThumbnail.h; sourceTree = "<group>"; };
		774318FA1AAC415A001CF128 /* JPSThumbnailAnnotation.h */ = {isa = PBXFileReference; fileEncoding = 4; lastKnownFileType = sourcecode.c.h; path = JPSThumbnailAnnotation.h; sourceTree = "<group>"; };
		774318FB1AAC415A001CF128 /* JPSThumbnailAnnotation.m */ = {isa = PBXFileReference; fileEncoding = 4; lastKnownFileType = sourcecode.c.objc; path = JPSThumbnailAnnotation.m; sourceTree = "<group>"; };
		774318FC1AAC415A001CF128 /* JPSThumbnailAnnotationView.h */ = {isa = PBXFileReference; fileEncoding = 4; lastKnownFileType = sourcecode.c.h; path = JPSThumbnailAnnotationView.h; sourceTree = "<group>"; };
		774318FD1AAC415A001CF128 /* JPSThumbnailAnnotationView.m */ = {isa = PBXFileReference; fileEncoding = 4; lastKnownFileType = sourcecode.c.objc; path = JPSThumbnailAnnotationView.m; sourceTree = "<group>"; };
		774318FE1AAC415A001CF128 /* JPSThumnail.m */ = {isa = PBXFileReference; fileEncoding = 4; lastKnownFileType = sourcecode.c.objc; path = JPSThumnail.m; sourceTree = "<group>"; };
		774319021AAC41AD001CF128 /* pinMap.png */ = {isa = PBXFileReference; lastKnownFileType = image.png; path = pinMap.png; sourceTree = "<group>"; };
		774319041AAC41DD001CF128 /* MapKit.framework */ = {isa = PBXFileReference; lastKnownFileType = wrapper.framework; name = MapKit.framework; path = System/Library/Frameworks/MapKit.framework; sourceTree = SDKROOT; };
		774319061AAC41E8001CF128 /* CoreLocation.framework */ = {isa = PBXFileReference; lastKnownFileType = wrapper.framework; name = CoreLocation.framework; path = System/Library/Frameworks/CoreLocation.framework; sourceTree = SDKROOT; };
		776090AC1AAD722400C21D94 /* BarLogin.png */ = {isa = PBXFileReference; lastKnownFileType = image.png; path = BarLogin.png; sourceTree = "<group>"; };
		776090AE1AAD728F00C21D94 /* BarButton.png */ = {isa = PBXFileReference; lastKnownFileType = image.png; path = BarButton.png; sourceTree = "<group>"; };
		776090B01AAD81D000C21D94 /* QuartzCore.framework */ = {isa = PBXFileReference; lastKnownFileType = wrapper.framework; name = QuartzCore.framework; path = System/Library/Frameworks/QuartzCore.framework; sourceTree = SDKROOT; };
		776090B21AAD81DD00C21D94 /* UIKit.framework */ = {isa = PBXFileReference; lastKnownFileType = wrapper.framework; name = UIKit.framework; path = System/Library/Frameworks/UIKit.framework; sourceTree = SDKROOT; };
		776090B41AAD81E600C21D94 /* Foundation.framework */ = {isa = PBXFileReference; lastKnownFileType = wrapper.framework; name = Foundation.framework; path = System/Library/Frameworks/Foundation.framework; sourceTree = SDKROOT; };
		776090B61AAD81F300C21D94 /* CoreGraphics.framework */ = {isa = PBXFileReference; lastKnownFileType = wrapper.framework; name = CoreGraphics.framework; path = System/Library/Frameworks/CoreGraphics.framework; sourceTree = SDKROOT; };
		776090BA1AADD59C00C21D94 /* RECommonFunctions.h */ = {isa = PBXFileReference; fileEncoding = 4; lastKnownFileType = sourcecode.c.h; path = RECommonFunctions.h; sourceTree = "<group>"; };
		776090BB1AADD59C00C21D94 /* RECommonFunctions.m */ = {isa = PBXFileReference; fileEncoding = 4; lastKnownFileType = sourcecode.c.objc; path = RECommonFunctions.m; sourceTree = "<group>"; };
		776090BC1AADD59C00C21D94 /* REFrostedContainerViewController.h */ = {isa = PBXFileReference; fileEncoding = 4; lastKnownFileType = sourcecode.c.h; path = REFrostedContainerViewController.h; sourceTree = "<group>"; };
		776090BD1AADD59C00C21D94 /* REFrostedContainerViewController.m */ = {isa = PBXFileReference; fileEncoding = 4; lastKnownFileType = sourcecode.c.objc; path = REFrostedContainerViewController.m; sourceTree = "<group>"; };
		776090BE1AADD59C00C21D94 /* REFrostedViewController.h */ = {isa = PBXFileReference; fileEncoding = 4; lastKnownFileType = sourcecode.c.h; path = REFrostedViewController.h; sourceTree = "<group>"; };
		776090BF1AADD59C00C21D94 /* REFrostedViewController.m */ = {isa = PBXFileReference; fileEncoding = 4; lastKnownFileType = sourcecode.c.objc; path = REFrostedViewController.m; sourceTree = "<group>"; };
		776090C01AADD59C00C21D94 /* UIImage+REFrostedViewController.h */ = {isa = PBXFileReference; fileEncoding = 4; lastKnownFileType = sourcecode.c.h; path = "UIImage+REFrostedViewController.h"; sourceTree = "<group>"; };
		776090C11AADD59C00C21D94 /* UIImage+REFrostedViewController.m */ = {isa = PBXFileReference; fileEncoding = 4; lastKnownFileType = sourcecode.c.objc; path = "UIImage+REFrostedViewController.m"; sourceTree = "<group>"; };
		776090C21AADD59C00C21D94 /* UIView+REFrostedViewController.h */ = {isa = PBXFileReference; fileEncoding = 4; lastKnownFileType = sourcecode.c.h; path = "UIView+REFrostedViewController.h"; sourceTree = "<group>"; };
		776090C31AADD59C00C21D94 /* UIView+REFrostedViewController.m */ = {isa = PBXFileReference; fileEncoding = 4; lastKnownFileType = sourcecode.c.objc; path = "UIView+REFrostedViewController.m"; sourceTree = "<group>"; };
		776090C41AADD59C00C21D94 /* UIViewController+REFrostedViewController.h */ = {isa = PBXFileReference; fileEncoding = 4; lastKnownFileType = sourcecode.c.h; path = "UIViewController+REFrostedViewController.h"; sourceTree = "<group>"; };
		776090C51AADD59C00C21D94 /* UIViewController+REFrostedViewController.m */ = {isa = PBXFileReference; fileEncoding = 4; lastKnownFileType = sourcecode.c.objc; path = "UIViewController+REFrostedViewController.m"; sourceTree = "<group>"; };
		776090CC1AADD61A00C21D94 /* DEMORootViewController.h */ = {isa = PBXFileReference; fileEncoding = 4; lastKnownFileType = sourcecode.c.h; path = DEMORootViewController.h; sourceTree = "<group>"; };
		776090CD1AADD61A00C21D94 /* DEMORootViewController.m */ = {isa = PBXFileReference; fileEncoding = 4; lastKnownFileType = sourcecode.c.objc; path = DEMORootViewController.m; sourceTree = "<group>"; };
		776090CE1AADD61A00C21D94 /* DEMOMenuViewController.h */ = {isa = PBXFileReference; fileEncoding = 4; lastKnownFileType = sourcecode.c.h; path = DEMOMenuViewController.h; sourceTree = "<group>"; };
		776090CF1AADD61A00C21D94 /* DEMOMenuViewController.m */ = {isa = PBXFileReference; fileEncoding = 4; lastKnownFileType = sourcecode.c.objc; path = DEMOMenuViewController.m; sourceTree = "<group>"; };
		776090D21AADD7F100C21D94 /* ProfileViewController.h */ = {isa = PBXFileReference; fileEncoding = 4; lastKnownFileType = sourcecode.c.h; path = ProfileViewController.h; sourceTree = "<group>"; };
		776090D31AADD7F100C21D94 /* ProfileViewController.m */ = {isa = PBXFileReference; fileEncoding = 4; lastKnownFileType = sourcecode.c.objc; path = ProfileViewController.m; sourceTree = "<group>"; };
		776090D51AADD86D00C21D94 /* CompanyInfoViewController.h */ = {isa = PBXFileReference; fileEncoding = 4; lastKnownFileType = sourcecode.c.h; path = CompanyInfoViewController.h; sourceTree = "<group>"; };
		776090D61AADD86D00C21D94 /* CompanyInfoViewController.m */ = {isa = PBXFileReference; fileEncoding = 4; lastKnownFileType = sourcecode.c.objc; path = CompanyInfoViewController.m; sourceTree = "<group>"; };
		776090D81AADDA4F00C21D94 /* 10487216_687099491374102_218448137921331276_n.jpg */ = {isa = PBXFileReference; lastKnownFileType = image.jpeg; path = 10487216_687099491374102_218448137921331276_n.jpg; sourceTree = "<group>"; };
/* End PBXFileReference section */

/* Begin PBXFrameworksBuildPhase section */
		774318981AA73DB9001CF128 /* Frameworks */ = {
			isa = PBXFrameworksBuildPhase;
			buildActionMask = 2147483647;
			files = (
				776090B71AAD81F300C21D94 /* CoreGraphics.framework in Frameworks */,
				776090B51AAD81E600C21D94 /* Foundation.framework in Frameworks */,
				776090B31AAD81DD00C21D94 /* UIKit.framework in Frameworks */,
				776090B11AAD81D000C21D94 /* QuartzCore.framework in Frameworks */,
				774319071AAC41E8001CF128 /* CoreLocation.framework in Frameworks */,
				774319051AAC41DD001CF128 /* MapKit.framework in Frameworks */,
			);
			runOnlyForDeploymentPostprocessing = 0;
		};
		774318B41AA73DBA001CF128 /* Frameworks */ = {
			isa = PBXFrameworksBuildPhase;
			buildActionMask = 2147483647;
			files = (
			);
			runOnlyForDeploymentPostprocessing = 0;
		};
/* End PBXFrameworksBuildPhase section */

/* Begin PBXGroup section */
		774318921AA73DB9001CF128 = {
			isa = PBXGroup;
			children = (
				776090B81AAD864500C21D94 /* Framework */,
				7743189D1AA73DB9001CF128 /* TaxiNet */,
				774318BA1AA73DBA001CF128 /* TaxiNetTests */,
				7743189C1AA73DB9001CF128 /* Products */,
			);
			sourceTree = "<group>";
		};
		7743189C1AA73DB9001CF128 /* Products */ = {
			isa = PBXGroup;
			children = (
				7743189B1AA73DB9001CF128 /* TaxiNet.app */,
				774318B71AA73DBA001CF128 /* TaxiNetTests.xctest */,
			);
			name = Products;
			sourceTree = "<group>";
		};
		7743189D1AA73DB9001CF128 /* TaxiNet */ = {
			isa = PBXGroup;
			children = (
				774318F71AAC414C001CF128 /* Lib */,
				774318F11AA96359001CF128 /* HomeView */,
				774318D21AA7476C001CF128 /* AppLogin */,
				774318D11AA74751001CF128 /* AppMain */,
				774318C81AA74568001CF128 /* Image */,
				7743189E1AA73DBA001CF128 /* Supporting Files */,
			);
			path = TaxiNet;
			sourceTree = "<group>";
		};
		7743189E1AA73DBA001CF128 /* Supporting Files */ = {
			isa = PBXGroup;
			children = (
				774318AE1AA73DBA001CF128 /* Images.xcassets */,
				774318B01AA73DBA001CF128 /* LaunchScreen.xib */,
				774318A51AA73DBA001CF128 /* TaxiNet.xcdatamodeld */,
				7743189F1AA73DBA001CF128 /* Info.plist */,
				774318A01AA73DBA001CF128 /* main.m */,
			);
			name = "Supporting Files";
			sourceTree = "<group>";
		};
		774318BA1AA73DBA001CF128 /* TaxiNetTests */ = {
			isa = PBXGroup;
			children = (
				774318BD1AA73DBA001CF128 /* TaxiNetTests.m */,
				774318BB1AA73DBA001CF128 /* Supporting Files */,
			);
			path = TaxiNetTests;
			sourceTree = "<group>";
		};
		774318BB1AA73DBA001CF128 /* Supporting Files */ = {
			isa = PBXGroup;
			children = (
				774318BC1AA73DBA001CF128 /* Info.plist */,
			);
			name = "Supporting Files";
			sourceTree = "<group>";
		};
		774318C81AA74568001CF128 /* Image */ = {
			isa = PBXGroup;
			children = (
				776090D81AADDA4F00C21D94 /* 10487216_687099491374102_218448137921331276_n.jpg */,
				776090AE1AAD728F00C21D94 /* BarButton.png */,
				776090AC1AAD722400C21D94 /* BarLogin.png */,
				774319021AAC41AD001CF128 /* pinMap.png */,
				774318EF1AA961C4001CF128 /* Back.png */,
				774318E91AA96029001CF128 /* checkbox_non.png */,
				774318EA1AA96029001CF128 /* checkBox.png */,
				774318EB1AA96029001CF128 /* user_register.png */,
				774318E41AA75604001CF128 /* backgro_login.png */,
				774318D81AA74DAE001CF128 /* Button_fb.png */,
				774318D91AA74DAE001CF128 /* text_email.png */,
				774318DA1AA74DAE001CF128 /* text_pass.png */,
				774318CB1AA7465A001CF128 /* btn_login.png */,
				774318CC1AA7465A001CF128 /* btn_regis.png */,
				774318CD1AA7465A001CF128 /* splast.png */,
			);
			path = Image;
			sourceTree = "<group>";
		};
		774318D11AA74751001CF128 /* AppMain */ = {
			isa = PBXGroup;
			children = (
				776090CC1AADD61A00C21D94 /* DEMORootViewController.h */,
				776090CD1AADD61A00C21D94 /* DEMORootViewController.m */,
				776090CE1AADD61A00C21D94 /* DEMOMenuViewController.h */,
				776090CF1AADD61A00C21D94 /* DEMOMenuViewController.m */,
				774318DE1AA750BD001CF128 /* NavigationController.h */,
				774318DF1AA750BD001CF128 /* NavigationController.m */,
				774318A21AA73DBA001CF128 /* AppDelegate.h */,
				774318A31AA73DBA001CF128 /* AppDelegate.m */,
				774318A81AA73DBA001CF128 /* ViewController.h */,
				774318A91AA73DBA001CF128 /* ViewController.m */,
				774318AB1AA73DBA001CF128 /* Main.storyboard */,
			);
			name = AppMain;
			sourceTree = "<group>";
		};
		774318D21AA7476C001CF128 /* AppLogin */ = {
			isa = PBXGroup;
			children = (
				774318D31AA74794001CF128 /* AppLogin.storyboard */,
				774318D51AA747C1001CF128 /* LoginViewController.h */,
				774318D61AA747C1001CF128 /* LoginViewController.m */,
				774318E61AA7564D001CF128 /* RegisterViewController.h */,
				774318E71AA7564D001CF128 /* RegisterViewController.m */,
			);
			name = AppLogin;
			sourceTree = "<group>";
		};
		774318F11AA96359001CF128 /* HomeView */ = {
			isa = PBXGroup;
			children = (
				774318F21AA9636A001CF128 /* HomeView.storyboard */,
				774318F41AA9637D001CF128 /* HomeViewController.h */,
				774318F51AA9637D001CF128 /* HomeViewController.m */,
				776090D21AADD7F100C21D94 /* ProfileViewController.h */,
				776090D31AADD7F100C21D94 /* ProfileViewController.m */,
				776090D51AADD86D00C21D94 /* CompanyInfoViewController.h */,
				776090D61AADD86D00C21D94 /* CompanyInfoViewController.m */,
			);
			name = HomeView;
			sourceTree = "<group>";
		};
		774318F71AAC414C001CF128 /* Lib */ = {
			isa = PBXGroup;
			children = (
				776090B91AADD59C00C21D94 /* REFrostedViewController */,
				774318F81AAC415A001CF128 /* JPSThumbnailAnnotation */,
			);
			name = Lib;
			sourceTree = "<group>";
		};
		774318F81AAC415A001CF128 /* JPSThumbnailAnnotation */ = {
			isa = PBXGroup;
			children = (
				774318F91AAC415A001CF128 /* JPSThumbnail.h */,
				774318FA1AAC415A001CF128 /* JPSThumbnailAnnotation.h */,
				774318FB1AAC415A001CF128 /* JPSThumbnailAnnotation.m */,
				774318FC1AAC415A001CF128 /* JPSThumbnailAnnotationView.h */,
				774318FD1AAC415A001CF128 /* JPSThumbnailAnnotationView.m */,
				774318FE1AAC415A001CF128 /* JPSThumnail.m */,
			);
			path = JPSThumbnailAnnotation;
			sourceTree = "<group>";
		};
		776090B81AAD864500C21D94 /* Framework */ = {
			isa = PBXGroup;
			children = (
				776090B61AAD81F300C21D94 /* CoreGraphics.framework */,
				776090B41AAD81E600C21D94 /* Foundation.framework */,
				776090B21AAD81DD00C21D94 /* UIKit.framework */,
				776090B01AAD81D000C21D94 /* QuartzCore.framework */,
				774319061AAC41E8001CF128 /* CoreLocation.framework */,
				774319041AAC41DD001CF128 /* MapKit.framework */,
			);
			name = Framework;
			sourceTree = "<group>";
		};
		776090B91AADD59C00C21D94 /* REFrostedViewController */ = {
			isa = PBXGroup;
			children = (
				776090BA1AADD59C00C21D94 /* RECommonFunctions.h */,
				776090BB1AADD59C00C21D94 /* RECommonFunctions.m */,
				776090BC1AADD59C00C21D94 /* REFrostedContainerViewController.h */,
				776090BD1AADD59C00C21D94 /* REFrostedContainerViewController.m */,
				776090BE1AADD59C00C21D94 /* REFrostedViewController.h */,
				776090BF1AADD59C00C21D94 /* REFrostedViewController.m */,
				776090C01AADD59C00C21D94 /* UIImage+REFrostedViewController.h */,
				776090C11AADD59C00C21D94 /* UIImage+REFrostedViewController.m */,
				776090C21AADD59C00C21D94 /* UIView+REFrostedViewController.h */,
				776090C31AADD59C00C21D94 /* UIView+REFrostedViewController.m */,
				776090C41AADD59C00C21D94 /* UIViewController+REFrostedViewController.h */,
				776090C51AADD59C00C21D94 /* UIViewController+REFrostedViewController.m */,
			);
			path = REFrostedViewController;
			sourceTree = "<group>";
		};
/* End PBXGroup section */

/* Begin PBXNativeTarget section */
		7743189A1AA73DB9001CF128 /* TaxiNet */ = {
			isa = PBXNativeTarget;
			buildConfigurationList = 774318C11AA73DBA001CF128 /* Build configuration list for PBXNativeTarget "TaxiNet" */;
			buildPhases = (
				774318971AA73DB9001CF128 /* Sources */,
				774318981AA73DB9001CF128 /* Frameworks */,
				774318991AA73DB9001CF128 /* Resources */,
			);
			buildRules = (
			);
			dependencies = (
			);
			name = TaxiNet;
			productName = TaxiNet;
			productReference = 7743189B1AA73DB9001CF128 /* TaxiNet.app */;
			productType = "com.apple.product-type.application";
		};
		774318B61AA73DBA001CF128 /* TaxiNetTests */ = {
			isa = PBXNativeTarget;
			buildConfigurationList = 774318C41AA73DBA001CF128 /* Build configuration list for PBXNativeTarget "TaxiNetTests" */;
			buildPhases = (
				774318B31AA73DBA001CF128 /* Sources */,
				774318B41AA73DBA001CF128 /* Frameworks */,
				774318B51AA73DBA001CF128 /* Resources */,
			);
			buildRules = (
			);
			dependencies = (
				774318B91AA73DBA001CF128 /* PBXTargetDependency */,
			);
			name = TaxiNetTests;
			productName = TaxiNetTests;
			productReference = 774318B71AA73DBA001CF128 /* TaxiNetTests.xctest */;
			productType = "com.apple.product-type.bundle.unit-test";
		};
/* End PBXNativeTarget section */

/* Begin PBXProject section */
		774318931AA73DB9001CF128 /* Project object */ = {
			isa = PBXProject;
			attributes = {
				LastUpgradeCheck = 0610;
				ORGANIZATIONNAME = "Louis Nhat";
				TargetAttributes = {
					7743189A1AA73DB9001CF128 = {
						CreatedOnToolsVersion = 6.1.1;
					};
					774318B61AA73DBA001CF128 = {
						CreatedOnToolsVersion = 6.1.1;
						TestTargetID = 7743189A1AA73DB9001CF128;
					};
				};
			};
			buildConfigurationList = 774318961AA73DB9001CF128 /* Build configuration list for PBXProject "TaxiNet" */;
			compatibilityVersion = "Xcode 3.2";
			developmentRegion = English;
			hasScannedForEncodings = 0;
			knownRegions = (
				en,
				Base,
			);
			mainGroup = 774318921AA73DB9001CF128;
			productRefGroup = 7743189C1AA73DB9001CF128 /* Products */;
			projectDirPath = "";
			projectRoot = "";
			targets = (
				7743189A1AA73DB9001CF128 /* TaxiNet */,
				774318B61AA73DBA001CF128 /* TaxiNetTests */,
			);
		};
/* End PBXProject section */

/* Begin PBXResourcesBuildPhase section */
		774318991AA73DB9001CF128 /* Resources */ = {
			isa = PBXResourcesBuildPhase;
			buildActionMask = 2147483647;
			files = (
				774318DC1AA74DAE001CF128 /* text_email.png in Resources */,
				774318ED1AA96029001CF128 /* checkBox.png in Resources */,
				774318AD1AA73DBA001CF128 /* Main.storyboard in Resources */,
				774318CE1AA7465A001CF128 /* btn_login.png in Resources */,
				774318E51AA75604001CF128 /* backgro_login.png in Resources */,
				776090AD1AAD722400C21D94 /* BarLogin.png in Resources */,
				774318EE1AA96029001CF128 /* user_register.png in Resources */,
				774318EC1AA96029001CF128 /* checkbox_non.png in Resources */,
				774318D01AA7465A001CF128 /* splast.png in Resources */,
				774318DB1AA74DAE001CF128 /* Button_fb.png in Resources */,
				774318CF1AA7465A001CF128 /* btn_regis.png in Resources */,
				774318D41AA74794001CF128 /* AppLogin.storyboard in Resources */,
				774318DD1AA74DAE001CF128 /* text_pass.png in Resources */,
				774318F01AA961C4001CF128 /* Back.png in Resources */,
				776090D91AADDA4F00C21D94 /* 10487216_687099491374102_218448137921331276_n.jpg in Resources */,
				774318B21AA73DBA001CF128 /* LaunchScreen.xib in Resources */,
				774318F31AA9636A001CF128 /* HomeView.storyboard in Resources */,
				774319031AAC41AD001CF128 /* pinMap.png in Resources */,
				776090AF1AAD728F00C21D94 /* BarButton.png in Resources */,
				774318AF1AA73DBA001CF128 /* Images.xcassets in Resources */,
			);
			runOnlyForDeploymentPostprocessing = 0;
		};
		774318B51AA73DBA001CF128 /* Resources */ = {
			isa = PBXResourcesBuildPhase;
			buildActionMask = 2147483647;
			files = (
			);
			runOnlyForDeploymentPostprocessing = 0;
		};
/* End PBXResourcesBuildPhase section */

/* Begin PBXSourcesBuildPhase section */
		774318971AA73DB9001CF128 /* Sources */ = {
			isa = PBXSourcesBuildPhase;
			buildActionMask = 2147483647;
			files = (
				774318A71AA73DBA001CF128 /* TaxiNet.xcdatamodeld in Sources */,
				774318A41AA73DBA001CF128 /* AppDelegate.m in Sources */,
				774318AA1AA73DBA001CF128 /* ViewController.m in Sources */,
				776090C71AADD59C00C21D94 /* REFrostedContainerViewController.m in Sources */,
				776090CB1AADD59C00C21D94 /* UIViewController+REFrostedViewController.m in Sources */,
				776090D11AADD61A00C21D94 /* DEMOMenuViewController.m in Sources */,
				776090C91AADD59C00C21D94 /* UIImage+REFrostedViewController.m in Sources */,
				774318E01AA750BD001CF128 /* NavigationController.m in Sources */,
				774318FF1AAC415A001CF128 /* JPSThumbnailAnnotation.m in Sources */,
				774318E81AA7564D001CF128 /* RegisterViewController.m in Sources */,
				776090CA1AADD59C00C21D94 /* UIView+REFrostedViewController.m in Sources */,
				776090D71AADD86D00C21D94 /* CompanyInfoViewController.m in Sources */,
				774319001AAC415A001CF128 /* JPSThumbnailAnnotationView.m in Sources */,
				776090C61AADD59C00C21D94 /* RECommonFunctions.m in Sources */,
				774319011AAC415A001CF128 /* JPSThumnail.m in Sources */,
				776090D41AADD7F100C21D94 /* ProfileViewController.m in Sources */,
				774318A11AA73DBA001CF128 /* main.m in Sources */,
				774318D71AA747C1001CF128 /* LoginViewController.m in Sources */,
				774318F61AA9637D001CF128 /* HomeViewController.m in Sources */,
				776090C81AADD59C00C21D94 /* REFrostedViewController.m in Sources */,
				776090D01AADD61A00C21D94 /* DEMORootViewController.m in Sources */,
			);
			runOnlyForDeploymentPostprocessing = 0;
		};
		774318B31AA73DBA001CF128 /* Sources */ = {
			isa = PBXSourcesBuildPhase;
			buildActionMask = 2147483647;
			files = (
				774318BE1AA73DBA001CF128 /* TaxiNetTests.m in Sources */,
			);
			runOnlyForDeploymentPostprocessing = 0;
		};
/* End PBXSourcesBuildPhase section */

/* Begin PBXTargetDependency section */
		774318B91AA73DBA001CF128 /* PBXTargetDependency */ = {
			isa = PBXTargetDependency;
			target = 7743189A1AA73DB9001CF128 /* TaxiNet */;
			targetProxy = 774318B81AA73DBA001CF128 /* PBXContainerItemProxy */;
		};
/* End PBXTargetDependency section */

/* Begin PBXVariantGroup section */
		774318AB1AA73DBA001CF128 /* Main.storyboard */ = {
			isa = PBXVariantGroup;
			children = (
				774318AC1AA73DBA001CF128 /* Base */,
			);
			name = Main.storyboard;
			sourceTree = "<group>";
		};
		774318B01AA73DBA001CF128 /* LaunchScreen.xib */ = {
			isa = PBXVariantGroup;
			children = (
				774318B11AA73DBA001CF128 /* Base */,
			);
			name = LaunchScreen.xib;
			sourceTree = "<group>";
		};
/* End PBXVariantGroup section */

/* Begin XCBuildConfiguration section */
		774318BF1AA73DBA001CF128 /* Debug */ = {
			isa = XCBuildConfiguration;
			buildSettings = {
				ALWAYS_SEARCH_USER_PATHS = NO;
				CLANG_CXX_LANGUAGE_STANDARD = "gnu++0x";
				CLANG_CXX_LIBRARY = "libc++";
				CLANG_ENABLE_MODULES = YES;
				CLANG_ENABLE_OBJC_ARC = YES;
				CLANG_WARN_BOOL_CONVERSION = YES;
				CLANG_WARN_CONSTANT_CONVERSION = YES;
				CLANG_WARN_DIRECT_OBJC_ISA_USAGE = YES_ERROR;
				CLANG_WARN_EMPTY_BODY = YES;
				CLANG_WARN_ENUM_CONVERSION = YES;
				CLANG_WARN_INT_CONVERSION = YES;
				CLANG_WARN_OBJC_ROOT_CLASS = YES_ERROR;
				CLANG_WARN_UNREACHABLE_CODE = YES;
				CLANG_WARN__DUPLICATE_METHOD_MATCH = YES;
				"CODE_SIGN_IDENTITY[sdk=iphoneos*]" = "iPhone Developer";
				COPY_PHASE_STRIP = NO;
				ENABLE_STRICT_OBJC_MSGSEND = YES;
				GCC_C_LANGUAGE_STANDARD = gnu99;
				GCC_DYNAMIC_NO_PIC = NO;
				GCC_OPTIMIZATION_LEVEL = 0;
				GCC_PREPROCESSOR_DEFINITIONS = (
					"DEBUG=1",
					"$(inherited)",
				);
				GCC_SYMBOLS_PRIVATE_EXTERN = NO;
				GCC_WARN_64_TO_32_BIT_CONVERSION = YES;
				GCC_WARN_ABOUT_RETURN_TYPE = YES_ERROR;
				GCC_WARN_UNDECLARED_SELECTOR = YES;
				GCC_WARN_UNINITIALIZED_AUTOS = YES_AGGRESSIVE;
				GCC_WARN_UNUSED_FUNCTION = YES;
				GCC_WARN_UNUSED_VARIABLE = YES;
				IPHONEOS_DEPLOYMENT_TARGET = 8.1;
				MTL_ENABLE_DEBUG_INFO = YES;
				ONLY_ACTIVE_ARCH = YES;
				SDKROOT = iphoneos;
				TARGETED_DEVICE_FAMILY = "1,2";
			};
			name = Debug;
		};
		774318C01AA73DBA001CF128 /* Release */ = {
			isa = XCBuildConfiguration;
			buildSettings = {
				ALWAYS_SEARCH_USER_PATHS = NO;
				CLANG_CXX_LANGUAGE_STANDARD = "gnu++0x";
				CLANG_CXX_LIBRARY = "libc++";
				CLANG_ENABLE_MODULES = YES;
				CLANG_ENABLE_OBJC_ARC = YES;
				CLANG_WARN_BOOL_CONVERSION = YES;
				CLANG_WARN_CONSTANT_CONVERSION = YES;
				CLANG_WARN_DIRECT_OBJC_ISA_USAGE = YES_ERROR;
				CLANG_WARN_EMPTY_BODY = YES;
				CLANG_WARN_ENUM_CONVERSION = YES;
				CLANG_WARN_INT_CONVERSION = YES;
				CLANG_WARN_OBJC_ROOT_CLASS = YES_ERROR;
				CLANG_WARN_UNREACHABLE_CODE = YES;
				CLANG_WARN__DUPLICATE_METHOD_MATCH = YES;
				"CODE_SIGN_IDENTITY[sdk=iphoneos*]" = "iPhone Developer";
				COPY_PHASE_STRIP = YES;
				ENABLE_NS_ASSERTIONS = NO;
				ENABLE_STRICT_OBJC_MSGSEND = YES;
				GCC_C_LANGUAGE_STANDARD = gnu99;
				GCC_WARN_64_TO_32_BIT_CONVERSION = YES;
				GCC_WARN_ABOUT_RETURN_TYPE = YES_ERROR;
				GCC_WARN_UNDECLARED_SELECTOR = YES;
				GCC_WARN_UNINITIALIZED_AUTOS = YES_AGGRESSIVE;
				GCC_WARN_UNUSED_FUNCTION = YES;
				GCC_WARN_UNUSED_VARIABLE = YES;
				IPHONEOS_DEPLOYMENT_TARGET = 8.1;
				MTL_ENABLE_DEBUG_INFO = NO;
				SDKROOT = iphoneos;
				TARGETED_DEVICE_FAMILY = "1,2";
				VALIDATE_PRODUCT = YES;
			};
			name = Release;
		};
		774318C21AA73DBA001CF128 /* Debug */ = {
			isa = XCBuildConfiguration;
			buildSettings = {
				ASSETCATALOG_COMPILER_APPICON_NAME = AppIcon;
				INFOPLIST_FILE = TaxiNet/Info.plist;
				LD_RUNPATH_SEARCH_PATHS = "$(inherited) @executable_path/Frameworks";
				PRODUCT_NAME = "$(TARGET_NAME)";
			};
			name = Debug;
		};
		774318C31AA73DBA001CF128 /* Release */ = {
			isa = XCBuildConfiguration;
			buildSettings = {
				ASSETCATALOG_COMPILER_APPICON_NAME = AppIcon;
				INFOPLIST_FILE = TaxiNet/Info.plist;
				LD_RUNPATH_SEARCH_PATHS = "$(inherited) @executable_path/Frameworks";
				PRODUCT_NAME = "$(TARGET_NAME)";
			};
			name = Release;
		};
		774318C51AA73DBA001CF128 /* Debug */ = {
			isa = XCBuildConfiguration;
			buildSettings = {
				BUNDLE_LOADER = "$(TEST_HOST)";
				FRAMEWORK_SEARCH_PATHS = (
					"$(SDKROOT)/Developer/Library/Frameworks",
					"$(inherited)",
				);
				GCC_PREPROCESSOR_DEFINITIONS = (
					"DEBUG=1",
					"$(inherited)",
				);
				INFOPLIST_FILE = TaxiNetTests/Info.plist;
				LD_RUNPATH_SEARCH_PATHS = "$(inherited) @executable_path/Frameworks @loader_path/Frameworks";
				PRODUCT_NAME = "$(TARGET_NAME)";
				TEST_HOST = "$(BUILT_PRODUCTS_DIR)/TaxiNet.app/TaxiNet";
			};
			name = Debug;
		};
		774318C61AA73DBA001CF128 /* Release */ = {
			isa = XCBuildConfiguration;
			buildSettings = {
				BUNDLE_LOADER = "$(TEST_HOST)";
				FRAMEWORK_SEARCH_PATHS = (
					"$(SDKROOT)/Developer/Library/Frameworks",
					"$(inherited)",
				);
				INFOPLIST_FILE = TaxiNetTests/Info.plist;
				LD_RUNPATH_SEARCH_PATHS = "$(inherited) @executable_path/Frameworks @loader_path/Frameworks";
				PRODUCT_NAME = "$(TARGET_NAME)";
				TEST_HOST = "$(BUILT_PRODUCTS_DIR)/TaxiNet.app/TaxiNet";
			};
			name = Release;
		};
/* End XCBuildConfiguration section */

/* Begin XCConfigurationList section */
		774318961AA73DB9001CF128 /* Build configuration list for PBXProject "TaxiNet" */ = {
			isa = XCConfigurationList;
			buildConfigurations = (
				774318BF1AA73DBA001CF128 /* Debug */,
				774318C01AA73DBA001CF128 /* Release */,
			);
			defaultConfigurationIsVisible = 0;
			defaultConfigurationName = Release;
		};
		774318C11AA73DBA001CF128 /* Build configuration list for PBXNativeTarget "TaxiNet" */ = {
			isa = XCConfigurationList;
			buildConfigurations = (
				774318C21AA73DBA001CF128 /* Debug */,
				774318C31AA73DBA001CF128 /* Release */,
			);
			defaultConfigurationIsVisible = 0;
			defaultConfigurationName = Release;
		};
		774318C41AA73DBA001CF128 /* Build configuration list for PBXNativeTarget "TaxiNetTests" */ = {
			isa = XCConfigurationList;
			buildConfigurations = (
				774318C51AA73DBA001CF128 /* Debug */,
				774318C61AA73DBA001CF128 /* Release */,
			);
			defaultConfigurationIsVisible = 0;
			defaultConfigurationName = Release;
		};
/* End XCConfigurationList section */

/* Begin XCVersionGroup section */
		774318A51AA73DBA001CF128 /* TaxiNet.xcdatamodeld */ = {
			isa = XCVersionGroup;
			children = (
				774318A61AA73DBA001CF128 /* TaxiNet.xcdatamodel */,
			);
			currentVersion = 774318A61AA73DBA001CF128 /* TaxiNet.xcdatamodel */;
			path = TaxiNet.xcdatamodeld;
			sourceTree = "<group>";
			versionGroupType = wrapper.xcdatamodel;
		};
/* End XCVersionGroup section */
	};
	rootObject = 774318931AA73DB9001CF128 /* Project object */;
}
